
Microsoft Visual Studio Solution File, Format Version 12.00
# Visual Studio Version 16
VisualStudioVersion = 16.0.31005.135
MinimumVisualStudioVersion = 10.0.40219.1
Project("{FAE04EC0-301F-11D3-BF4B-00C04F79EFBC}") = "Voting System", "Voting System\Voting System.csproj", "{EE46E9C6-36F9-4726-96C1-458C7C5A204D}"
EndProject
Global
	GlobalSection(SolutionConfigurationPlatforms) = preSolution
		Debug|Any CPU = Debug|Any CPU
		Release|Any CPU = Release|Any CPU
	EndGlobalSection
	GlobalSection(ProjectConfigurationPlatforms) = postSolution
		{EE46E9C6-36F9-4726-96C1-458C7C5A204D}.Debug|Any CPU.ActiveCfg = Debug|Any CPU
		{EE46E9C6-36F9-4726-96C1-458C7C5A204D}.Debug|Any CPU.Build.0 = Debug|Any CPU
		{EE46E9C6-36F9-4726-96C1-458C7C5A204D}.Release|Any CPU.ActiveCfg = Release|Any CPU
		{EE46E9C6-36F9-4726-96C1-458C7C5A204D}.Release|Any CPU.Build.0 = Release|Any CPU
	EndGlobalSection
	GlobalSection(SolutionProperties) = preSolution
		HideSolutionNode = FALSE
	EndGlobalSection
	GlobalSection(ExtensibilityGlobals) = postSolution
		SolutionGuid = {CEDE15B2-1E99-460A-B586-919AF2DF724D}
	EndGlobalSection
EndGlobal
